
Microsoft Visual Studio Solution File, Format Version 12.00
# Visual Studio Version 16
VisualStudioVersion = 16.0.30804.86
MinimumVisualStudioVersion = 10.0.40219.1
Project("{9A19103F-16F7-4668-BE54-9A1E7A4F7556}") = "CoreArsaOfisi", "CoreArsaOfisi\CoreArsaOfisi.csproj", "{75DE26DC-637B-460B-AD96-2395E62FE8D2}"
EndProject
Project("{FAE04EC0-301F-11D3-BF4B-00C04F79EFBC}") = "CoreArsaOfisi.BusinessLayer", "CoreArsaOfisi.BusinessLayer\CoreArsaOfisi.BusinessLayer.csproj", "{8326379A-8DF9-4747-894D-6031D8A9F372}"
EndProject
Project("{FAE04EC0-301F-11D3-BF4B-00C04F79EFBC}") = "CoreArsaOfisi.DataLayer", "CoreArsaOfisi.DataLayer\CoreArsaOfisi.DataLayer.csproj", "{B0CECFD0-B1FC-424F-BDD5-57CB591ABD40}"
EndProject
Global
	GlobalSection(SolutionConfigurationPlatforms) = preSolution
		Debug|Any CPU = Debug|Any CPU
		Release|Any CPU = Release|Any CPU
	EndGlobalSection
	GlobalSection(ProjectConfigurationPlatforms) = postSolution
		{75DE26DC-637B-460B-AD96-2395E62FE8D2}.Debug|Any CPU.ActiveCfg = Debug|Any CPU
		{75DE26DC-637B-460B-AD96-2395E62FE8D2}.Debug|Any CPU.Build.0 = Debug|Any CPU
		{75DE26DC-637B-460B-AD96-2395E62FE8D2}.Release|Any CPU.ActiveCfg = Release|Any CPU
		{75DE26DC-637B-460B-AD96-2395E62FE8D2}.Release|Any CPU.Build.0 = Release|Any CPU
		{8326379A-8DF9-4747-894D-6031D8A9F372}.Debug|Any CPU.ActiveCfg = Debug|Any CPU
		{8326379A-8DF9-4747-894D-6031D8A9F372}.Debug|Any CPU.Build.0 = Debug|Any CPU
		{8326379A-8DF9-4747-894D-6031D8A9F372}.Release|Any CPU.ActiveCfg = Release|Any CPU
		{8326379A-8DF9-4747-894D-6031D8A9F372}.Release|Any CPU.Build.0 = Release|Any CPU
		{B0CECFD0-B1FC-424F-BDD5-57CB591ABD40}.Debug|Any CPU.ActiveCfg = Debug|Any CPU
		{B0CECFD0-B1FC-424F-BDD5-57CB591ABD40}.Debug|Any CPU.Build.0 = Debug|Any CPU
		{B0CECFD0-B1FC-424F-BDD5-57CB591ABD40}.Release|Any CPU.ActiveCfg = Release|Any CPU
		{B0CECFD0-B1FC-424F-BDD5-57CB591ABD40}.Release|Any CPU.Build.0 = Release|Any CPU
	EndGlobalSection
	GlobalSection(SolutionProperties) = preSolution
		HideSolutionNode = FALSE
	EndGlobalSection
	GlobalSection(ExtensibilityGlobals) = postSolution
		SolutionGuid = {D9F61AEE-CFD0-4A08-AD03-2D41B7E70D2D}
	EndGlobalSection
EndGlobal
